// !$*UTF8*$!
{
	archiveVersion = 1;
	classes = {
	};
	objectVersion = 56;
	objects = {

/* Begin PBXBuildFile section */
		834C7AD42B050765006C3FBD /* chimeup.mp3 in Resources */ = {isa = PBXBuildFile; fileRef = 834C7ACC2B050764006C3FBD /* chimeup.mp3 */; };
		834C7AD52B050765006C3FBD /* casino-chips.mp3 in Resources */ = {isa = PBXBuildFile; fileRef = 834C7ACD2B050764006C3FBD /* casino-chips.mp3 */; };
		834C7AD62B050765006C3FBD /* background-music.mp3 in Resources */ = {isa = PBXBuildFile; fileRef = 834C7ACE2B050765006C3FBD /* background-music.mp3 */; };
		834C7AD72B050765006C3FBD /* spin.mp3 in Resources */ = {isa = PBXBuildFile; fileRef = 834C7ACF2B050765006C3FBD /* spin.mp3 */; };
		834C7AD82B050765006C3FBD /* game-over.mp3 in Resources */ = {isa = PBXBuildFile; fileRef = 834C7AD02B050765006C3FBD /* game-over.mp3 */; };
		834C7AD92B050765006C3FBD /* high-score.mp3 in Resources */ = {isa = PBXBuildFile; fileRef = 834C7AD12B050765006C3FBD /* high-score.mp3 */; };
		834C7ADA2B050765006C3FBD /* riseup.mp3 in Resources */ = {isa = PBXBuildFile; fileRef = 834C7AD22B050765006C3FBD /* riseup.mp3 */; };
		834C7ADB2B050765006C3FBD /* win.mp3 in Resources */ = {isa = PBXBuildFile; fileRef = 834C7AD32B050765006C3FBD /* win.mp3 */; };
		834C7AE12B050A87006C3FBD /* LaunchScreen.storyboard in Resources */ = {isa = PBXBuildFile; fileRef = 834C7AE02B050A87006C3FBD /* LaunchScreen.storyboard */; };
		838694BF2B0500260061D7DF /* Slot_MachineApp.swift in Sources */ = {isa = PBXBuildFile; fileRef = 838694BE2B0500260061D7DF /* Slot_MachineApp.swift */; };
		838694C12B0500260061D7DF /* ContentView.swift in Sources */ = {isa = PBXBuildFile; fileRef = 838694C02B0500260061D7DF /* ContentView.swift */; };
		838694C32B0500280061D7DF /* Assets.xcassets in Resources */ = {isa = PBXBuildFile; fileRef = 838694C22B0500280061D7DF /* Assets.xcassets */; };
		838694C62B0500280061D7DF /* Preview Assets.xcassets in Resources */ = {isa = PBXBuildFile; fileRef = 838694C52B0500280061D7DF /* Preview Assets.xcassets */; };
		838694C82B0500280061D7DF /* Persistence.swift in Sources */ = {isa = PBXBuildFile; fileRef = 838694C72B0500280061D7DF /* Persistence.swift */; };
		838694CB2B0500280061D7DF /* Slot_Machine.xcdatamodeld in Sources */ = {isa = PBXBuildFile; fileRef = 838694C92B0500280061D7DF /* Slot_Machine.xcdatamodeld */; };
		838694D52B0500280061D7DF /* Slot_MachineTests.swift in Sources */ = {isa = PBXBuildFile; fileRef = 838694D42B0500280061D7DF /* Slot_MachineTests.swift */; };
		838694DF2B0500280061D7DF /* Slot_MachineUITests.swift in Sources */ = {isa = PBXBuildFile; fileRef = 838694DE2B0500280061D7DF /* Slot_MachineUITests.swift */; };
		838694E12B0500280061D7DF /* Slot_MachineUITestsLaunchTests.swift in Sources */ = {isa = PBXBuildFile; fileRef = 838694E02B0500280061D7DF /* Slot_MachineUITestsLaunchTests.swift */; };
		8387B82B2B1E029600D3F668 /* PlaySound.swift in Sources */ = {isa = PBXBuildFile; fileRef = 8387B82A2B1E029600D3F668 /* PlaySound.swift */; };
		83BE8E1E2B13D01200930CBC /* LogoView.swift in Sources */ = {isa = PBXBuildFile; fileRef = 83BE8E1D2B13D01200930CBC /* LogoView.swift */; };
		83BE8E202B13D17A00930CBC /* Modifiers.swift in Sources */ = {isa = PBXBuildFile; fileRef = 83BE8E1F2B13D17A00930CBC /* Modifiers.swift */; };
		83BE8E222B14A63300930CBC /* Extenstions.swift in Sources */ = {isa = PBXBuildFile; fileRef = 83BE8E212B14A63300930CBC /* Extenstions.swift */; };
		83BE8E242B14AD2300930CBC /* ReelView.swift in Sources */ = {isa = PBXBuildFile; fileRef = 83BE8E232B14AD2300930CBC /* ReelView.swift */; };
		83BE8E262B14C5B700930CBC /* InfoView.swift in Sources */ = {isa = PBXBuildFile; fileRef = 83BE8E252B14C5B700930CBC /* InfoView.swift */; };
/* End PBXBuildFile section */

/* Begin PBXContainerItemProxy section */
		838694D12B0500280061D7DF /* PBXContainerItemProxy */ = {
			isa = PBXContainerItemProxy;
			containerPortal = 838694B32B0500260061D7DF /* Project object */;
			proxyType = 1;
			remoteGlobalIDString = 838694BA2B0500260061D7DF;
			remoteInfo = "Slot Machine";
		};
		838694DB2B0500280061D7DF /* PBXContainerItemProxy */ = {
			isa = PBXContainerItemProxy;
			containerPortal = 838694B32B0500260061D7DF /* Project object */;
			proxyType = 1;
			remoteGlobalIDString = 838694BA2B0500260061D7DF;
			remoteInfo = "Slot Machine";
		};
/* End PBXContainerItemProxy section */

/* Begin PBXFileReference section */
		834C7ACC2B050764006C3FBD /* chimeup.mp3 */ = {isa = PBXFileReference; lastKnownFileType = audio.mp3; path = chimeup.mp3; sourceTree = "<group>"; };
		834C7ACD2B050764006C3FBD /* casino-chips.mp3 */ = {isa = PBXFileReference; lastKnownFileType = audio.mp3; path = "casino-chips.mp3"; sourceTree = "<group>"; };
		834C7ACE2B050765006C3FBD /* background-music.mp3 */ = {isa = PBXFileReference; lastKnownFileType = audio.mp3; path = "background-music.mp3"; sourceTree = "<group>"; };
		834C7ACF2B050765006C3FBD /* spin.mp3 */ = {isa = PBXFileReference; lastKnownFileType = audio.mp3; path = spin.mp3; sourceTree = "<group>"; };
		834C7AD02B050765006C3FBD /* game-over.mp3 */ = {isa = PBXFileReference; lastKnownFileType = audio.mp3; path = "game-over.mp3"; sourceTree = "<group>"; };
		834C7AD12B050765006C3FBD /* high-score.mp3 */ = {isa = PBXFileReference; lastKnownFileType = audio.mp3; path = "high-score.mp3"; sourceTree = "<group>"; };
		834C7AD22B050765006C3FBD /* riseup.mp3 */ = {isa = PBXFileReference; lastKnownFileType = audio.mp3; path = riseup.mp3; sourceTree = "<group>"; };
		834C7AD32B050765006C3FBD /* win.mp3 */ = {isa = PBXFileReference; lastKnownFileType = audio.mp3; path = win.mp3; sourceTree = "<group>"; };
		834C7ADF2B050827006C3FBD /* Slot-Machine-Info.plist */ = {isa = PBXFileReference; lastKnownFileType = text.plist; path = "Slot-Machine-Info.plist"; sourceTree = SOURCE_ROOT; };
		834C7AE02B050A87006C3FBD /* LaunchScreen.storyboard */ = {isa = PBXFileReference; lastKnownFileType = file.storyboard; path = LaunchScreen.storyboard; sourceTree = "<group>"; };
		838694BB2B0500260061D7DF /* Slot Machine.app */ = {isa = PBXFileReference; explicitFileType = wrapper.application; includeInIndex = 0; path = "Slot Machine.app"; sourceTree = BUILT_PRODUCTS_DIR; };
		838694BE2B0500260061D7DF /* Slot_MachineApp.swift */ = {isa = PBXFileReference; lastKnownFileType = sourcecode.swift; path = Slot_MachineApp.swift; sourceTree = "<group>"; };
		838694C02B0500260061D7DF /* ContentView.swift */ = {isa = PBXFileReference; lastKnownFileType = sourcecode.swift; path = ContentView.swift; sourceTree = "<group>"; };
		838694C22B0500280061D7DF /* Assets.xcassets */ = {isa = PBXFileReference; lastKnownFileType = folder.assetcatalog; path = Assets.xcassets; sourceTree = "<group>"; };
		838694C52B0500280061D7DF /* Preview Assets.xcassets */ = {isa = PBXFileReference; lastKnownFileType = folder.assetcatalog; path = "Preview Assets.xcassets"; sourceTree = "<group>"; };
		838694C72B0500280061D7DF /* Persistence.swift */ = {isa = PBXFileReference; lastKnownFileType = sourcecode.swift; path = Persistence.swift; sourceTree = "<group>"; };
		838694CA2B0500280061D7DF /* Slot_Machine.xcdatamodel */ = {isa = PBXFileReference; lastKnownFileType = wrapper.xcdatamodel; path = Slot_Machine.xcdatamodel; sourceTree = "<group>"; };
		838694D02B0500280061D7DF /* Slot MachineTests.xctest */ = {isa = PBXFileReference; explicitFileType = wrapper.cfbundle; includeInIndex = 0; path = "Slot MachineTests.xctest"; sourceTree = BUILT_PRODUCTS_DIR; };
		838694D42B0500280061D7DF /* Slot_MachineTests.swift */ = {isa = PBXFileReference; lastKnownFileType = sourcecode.swift; path = Slot_MachineTests.swift; sourceTree = "<group>"; };
		838694DA2B0500280061D7DF /* Slot MachineUITests.xctest */ = {isa = PBXFileReference; explicitFileType = wrapper.cfbundle; includeInIndex = 0; path = "Slot MachineUITests.xctest"; sourceTree = BUILT_PRODUCTS_DIR; };
		838694DE2B0500280061D7DF /* Slot_MachineUITests.swift */ = {isa = PBXFileReference; lastKnownFileType = sourcecode.swift; path = Slot_MachineUITests.swift; sourceTree = "<group>"; };
		838694E02B0500280061D7DF /* Slot_MachineUITestsLaunchTests.swift */ = {isa = PBXFileReference; lastKnownFileType = sourcecode.swift; path = Slot_MachineUITestsLaunchTests.swift; sourceTree = "<group>"; };
		8387B82A2B1E029600D3F668 /* PlaySound.swift */ = {isa = PBXFileReference; lastKnownFileType = sourcecode.swift; path = PlaySound.swift; sourceTree = "<group>"; };
		83BE8E1D2B13D01200930CBC /* LogoView.swift */ = {isa = PBXFileReference; lastKnownFileType = sourcecode.swift; path = LogoView.swift; sourceTree = "<group>"; };
		83BE8E1F2B13D17A00930CBC /* Modifiers.swift */ = {isa = PBXFileReference; lastKnownFileType = sourcecode.swift; path = Modifiers.swift; sourceTree = "<group>"; };
		83BE8E212B14A63300930CBC /* Extenstions.swift */ = {isa = PBXFileReference; lastKnownFileType = sourcecode.swift; path = Extenstions.swift; sourceTree = "<group>"; };
		83BE8E232B14AD2300930CBC /* ReelView.swift */ = {isa = PBXFileReference; lastKnownFileType = sourcecode.swift; path = ReelView.swift; sourceTree = "<group>"; };
		83BE8E252B14C5B700930CBC /* InfoView.swift */ = {isa = PBXFileReference; lastKnownFileType = sourcecode.swift; path = InfoView.swift; sourceTree = "<group>"; };
/* End PBXFileReference section */

/* Begin PBXFrameworksBuildPhase section */
		838694B82B0500260061D7DF /* Frameworks */ = {
			isa = PBXFrameworksBuildPhase;
			buildActionMask = 2147483647;
			files = (
			);
			runOnlyForDeploymentPostprocessing = 0;
		};
		838694CD2B0500280061D7DF /* Frameworks */ = {
			isa = PBXFrameworksBuildPhase;
			buildActionMask = 2147483647;
			files = (
			);
			runOnlyForDeploymentPostprocessing = 0;
		};
		838694D72B0500280061D7DF /* Frameworks */ = {
			isa = PBXFrameworksBuildPhase;
			buildActionMask = 2147483647;
			files = (
			);
			runOnlyForDeploymentPostprocessing = 0;
		};
/* End PBXFrameworksBuildPhase section */

/* Begin PBXGroup section */
		834C7ADC2B05076E006C3FBD /* Sounds */ = {
			isa = PBXGroup;
			children = (
				834C7ACE2B050765006C3FBD /* background-music.mp3 */,
				834C7ACD2B050764006C3FBD /* casino-chips.mp3 */,
				834C7ACC2B050764006C3FBD /* chimeup.mp3 */,
				834C7AD02B050765006C3FBD /* game-over.mp3 */,
				834C7AD12B050765006C3FBD /* high-score.mp3 */,
				834C7AD22B050765006C3FBD /* riseup.mp3 */,
				834C7ACF2B050765006C3FBD /* spin.mp3 */,
				834C7AD32B050765006C3FBD /* win.mp3 */,
			);
			path = Sounds;
			sourceTree = "<group>";
		};
		834C7ADD2B050782006C3FBD /* Views */ = {
			isa = PBXGroup;
			children = (
				838694C02B0500260061D7DF /* ContentView.swift */,
				83BE8E1D2B13D01200930CBC /* LogoView.swift */,
				83BE8E232B14AD2300930CBC /* ReelView.swift */,
				83BE8E252B14C5B700930CBC /* InfoView.swift */,
			);
			path = Views;
			sourceTree = "<group>";
		};
		834C7ADE2B05078A006C3FBD /* Helpers */ = {
			isa = PBXGroup;
			children = (
				83BE8E1F2B13D17A00930CBC /* Modifiers.swift */,
				83BE8E212B14A63300930CBC /* Extenstions.swift */,
				8387B82A2B1E029600D3F668 /* PlaySound.swift */,
			);
			path = Helpers;
			sourceTree = "<group>";
		};
		838694B22B0500260061D7DF = {
			isa = PBXGroup;
			children = (
				838694BD2B0500260061D7DF /* Slot Machine */,
				838694D32B0500280061D7DF /* Slot MachineTests */,
				838694DD2B0500280061D7DF /* Slot MachineUITests */,
				838694BC2B0500260061D7DF /* Products */,
			);
			sourceTree = "<group>";
		};
		838694BC2B0500260061D7DF /* Products */ = {
			isa = PBXGroup;
			children = (
				838694BB2B0500260061D7DF /* Slot Machine.app */,
				838694D02B0500280061D7DF /* Slot MachineTests.xctest */,
				838694DA2B0500280061D7DF /* Slot MachineUITests.xctest */,
			);
			name = Products;
			sourceTree = "<group>";
		};
		838694BD2B0500260061D7DF /* Slot Machine */ = {
			isa = PBXGroup;
			children = (
				834C7ADF2B050827006C3FBD /* Slot-Machine-Info.plist */,
				834C7ADE2B05078A006C3FBD /* Helpers */,
				834C7ADD2B050782006C3FBD /* Views */,
				834C7ADC2B05076E006C3FBD /* Sounds */,
				838694BE2B0500260061D7DF /* Slot_MachineApp.swift */,
				838694C22B0500280061D7DF /* Assets.xcassets */,
				838694C72B0500280061D7DF /* Persistence.swift */,
				838694C92B0500280061D7DF /* Slot_Machine.xcdatamodeld */,
				838694C42B0500280061D7DF /* Preview Content */,
				834C7AE02B050A87006C3FBD /* LaunchScreen.storyboard */,
			);
			path = "Slot Machine";
			sourceTree = "<group>";
		};
		838694C42B0500280061D7DF /* Preview Content */ = {
			isa = PBXGroup;
			children = (
				838694C52B0500280061D7DF /* Preview Assets.xcassets */,
			);
			path = "Preview Content";
			sourceTree = "<group>";
		};
		838694D32B0500280061D7DF /* Slot MachineTests */ = {
			isa = PBXGroup;
			children = (
				838694D42B0500280061D7DF /* Slot_MachineTests.swift */,
			);
			path = "Slot MachineTests";
			sourceTree = "<group>";
		};
		838694DD2B0500280061D7DF /* Slot MachineUITests */ = {
			isa = PBXGroup;
			children = (
				838694DE2B0500280061D7DF /* Slot_MachineUITests.swift */,
				838694E02B0500280061D7DF /* Slot_MachineUITestsLaunchTests.swift */,
			);
			path = "Slot MachineUITests";
			sourceTree = "<group>";
		};
/* End PBXGroup section */

/* Begin PBXNativeTarget section */
		838694BA2B0500260061D7DF /* Slot Machine */ = {
			isa = PBXNativeTarget;
			buildConfigurationList = 838694E42B0500280061D7DF /* Build configuration list for PBXNativeTarget "Slot Machine" */;
			buildPhases = (
				838694B72B0500260061D7DF /* Sources */,
				838694B82B0500260061D7DF /* Frameworks */,
				838694B92B0500260061D7DF /* Resources */,
			);
			buildRules = (
			);
			dependencies = (
			);
			name = "Slot Machine";
			productName = "Slot Machine";
			productReference = 838694BB2B0500260061D7DF /* Slot Machine.app */;
			productType = "com.apple.product-type.application";
		};
		838694CF2B0500280061D7DF /* Slot MachineTests */ = {
			isa = PBXNativeTarget;
			buildConfigurationList = 838694E72B0500280061D7DF /* Build configuration list for PBXNativeTarget "Slot MachineTests" */;
			buildPhases = (
				838694CC2B0500280061D7DF /* Sources */,
				838694CD2B0500280061D7DF /* Frameworks */,
				838694CE2B0500280061D7DF /* Resources */,
			);
			buildRules = (
			);
			dependencies = (
				838694D22B0500280061D7DF /* PBXTargetDependency */,
			);
			name = "Slot MachineTests";
			productName = "Slot MachineTests";
			productReference = 838694D02B0500280061D7DF /* Slot MachineTests.xctest */;
			productType = "com.apple.product-type.bundle.unit-test";
		};
		838694D92B0500280061D7DF /* Slot MachineUITests */ = {
			isa = PBXNativeTarget;
			buildConfigurationList = 838694EA2B0500280061D7DF /* Build configuration list for PBXNativeTarget "Slot MachineUITests" */;
			buildPhases = (
				838694D62B0500280061D7DF /* Sources */,
				838694D72B0500280061D7DF /* Frameworks */,
				838694D82B0500280061D7DF /* Resources */,
			);
			buildRules = (
			);
			dependencies = (
				838694DC2B0500280061D7DF /* PBXTargetDependency */,
			);
			name = "Slot MachineUITests";
			productName = "Slot MachineUITests";
			productReference = 838694DA2B0500280061D7DF /* Slot MachineUITests.xctest */;
			productType = "com.apple.product-type.bundle.ui-testing";
		};
/* End PBXNativeTarget section */

/* Begin PBXProject section */
		838694B32B0500260061D7DF /* Project object */ = {
			isa = PBXProject;
			attributes = {
				BuildIndependentTargetsInParallel = 1;
				LastSwiftUpdateCheck = 1430;
				LastUpgradeCheck = 1430;
				TargetAttributes = {
					838694BA2B0500260061D7DF = {
						CreatedOnToolsVersion = 14.3.1;
					};
					838694CF2B0500280061D7DF = {
						CreatedOnToolsVersion = 14.3.1;
						TestTargetID = 838694BA2B0500260061D7DF;
					};
					838694D92B0500280061D7DF = {
						CreatedOnToolsVersion = 14.3.1;
						TestTargetID = 838694BA2B0500260061D7DF;
					};
				};
			};
			buildConfigurationList = 838694B62B0500260061D7DF /* Build configuration list for PBXProject "Slot Machine" */;
			compatibilityVersion = "Xcode 14.0";
			developmentRegion = en;
			hasScannedForEncodings = 0;
			knownRegions = (
				en,
				Base,
			);
			mainGroup = 838694B22B0500260061D7DF;
			productRefGroup = 838694BC2B0500260061D7DF /* Products */;
			projectDirPath = "";
			projectRoot = "";
			targets = (
				838694BA2B0500260061D7DF /* Slot Machine */,
				838694CF2B0500280061D7DF /* Slot MachineTests */,
				838694D92B0500280061D7DF /* Slot MachineUITests */,
			);
		};
/* End PBXProject section */

/* Begin PBXResourcesBuildPhase section */
		838694B92B0500260061D7DF /* Resources */ = {
			isa = PBXResourcesBuildPhase;
			buildActionMask = 2147483647;
			files = (
				834C7ADA2B050765006C3FBD /* riseup.mp3 in Resources */,
				834C7AD42B050765006C3FBD /* chimeup.mp3 in Resources */,
				838694C62B0500280061D7DF /* Preview Assets.xcassets in Resources */,
				834C7AD72B050765006C3FBD /* spin.mp3 in Resources */,
				834C7AD62B050765006C3FBD /* background-music.mp3 in Resources */,
				834C7ADB2B050765006C3FBD /* win.mp3 in Resources */,
				834C7AD82B050765006C3FBD /* game-over.mp3 in Resources */,
				834C7AD92B050765006C3FBD /* high-score.mp3 in Resources */,
				838694C32B0500280061D7DF /* Assets.xcassets in Resources */,
				834C7AE12B050A87006C3FBD /* LaunchScreen.storyboard in Resources */,
				834C7AD52B050765006C3FBD /* casino-chips.mp3 in Resources */,
			);
			runOnlyForDeploymentPostprocessing = 0;
		};
		838694CE2B0500280061D7DF /* Resources */ = {
			isa = PBXResourcesBuildPhase;
			buildActionMask = 2147483647;
			files = (
			);
			runOnlyForDeploymentPostprocessing = 0;
		};
		838694D82B0500280061D7DF /* Resources */ = {
			isa = PBXResourcesBuildPhase;
			buildActionMask = 2147483647;
			files = (
			);
			runOnlyForDeploymentPostprocessing = 0;
		};
/* End PBXResourcesBuildPhase section */

/* Begin PBXSourcesBuildPhase section */
		838694B72B0500260061D7DF /* Sources */ = {
			isa = PBXSourcesBuildPhase;
			buildActionMask = 2147483647;
			files = (
				83BE8E1E2B13D01200930CBC /* LogoView.swift in Sources */,
				838694C82B0500280061D7DF /* Persistence.swift in Sources */,
				83BE8E222B14A63300930CBC /* Extenstions.swift in Sources */,
				838694C12B0500260061D7DF /* ContentView.swift in Sources */,
				83BE8E242B14AD2300930CBC /* ReelView.swift in Sources */,
				8387B82B2B1E029600D3F668 /* PlaySound.swift in Sources */,
				838694BF2B0500260061D7DF /* Slot_MachineApp.swift in Sources */,
				83BE8E202B13D17A00930CBC /* Modifiers.swift in Sources */,
				83BE8E262B14C5B700930CBC /* InfoView.swift in Sources */,
				838694CB2B0500280061D7DF /* Slot_Machine.xcdatamodeld in Sources */,
			);
			runOnlyForDeploymentPostprocessing = 0;
		};
		838694CC2B0500280061D7DF /* Sources */ = {
			isa = PBXSourcesBuildPhase;
			buildActionMask = 2147483647;
			files = (
				838694D52B0500280061D7DF /* Slot_MachineTests.swift in Sources */,
			);
			runOnlyForDeploymentPostprocessing = 0;
		};
		838694D62B0500280061D7DF /* Sources */ = {
			isa = PBXSourcesBuildPhase;
			buildActionMask = 2147483647;
			files = (
				838694E12B0500280061D7DF /* Slot_MachineUITestsLaunchTests.swift in Sources */,
				838694DF2B0500280061D7DF /* Slot_MachineUITests.swift in Sources */,
			);
			runOnlyForDeploymentPostprocessing = 0;
		};
/* End PBXSourcesBuildPhase section */

/* Begin PBXTargetDependency section */
		838694D22B0500280061D7DF /* PBXTargetDependency */ = {
			isa = PBXTargetDependency;
			target = 838694BA2B0500260061D7DF /* Slot Machine */;
			targetProxy = 838694D12B0500280061D7DF /* PBXContainerItemProxy */;
		};
		838694DC2B0500280061D7DF /* PBXTargetDependency */ = {
			isa = PBXTargetDependency;
			target = 838694BA2B0500260061D7DF /* Slot Machine */;
			targetProxy = 838694DB2B0500280061D7DF /* PBXContainerItemProxy */;
		};
/* End PBXTargetDependency section */

/* Begin XCBuildConfiguration section */
		838694E22B0500280061D7DF /* Debug */ = {
			isa = XCBuildConfiguration;
			buildSettings = {
				ALWAYS_SEARCH_USER_PATHS = NO;
				CLANG_ANALYZER_NONNULL = YES;
				CLANG_ANALYZER_NUMBER_OBJECT_CONVERSION = YES_AGGRESSIVE;
				CLANG_CXX_LANGUAGE_STANDARD = "gnu++20";
				CLANG_ENABLE_MODULES = YES;
				CLANG_ENABLE_OBJC_ARC = YES;
				CLANG_ENABLE_OBJC_WEAK = YES;
				CLANG_WARN_BLOCK_CAPTURE_AUTORELEASING = YES;
				CLANG_WARN_BOOL_CONVERSION = YES;
				CLANG_WARN_COMMA = YES;
				CLANG_WARN_CONSTANT_CONVERSION = YES;
				CLANG_WARN_DEPRECATED_OBJC_IMPLEMENTATIONS = YES;
				CLANG_WARN_DIRECT_OBJC_ISA_USAGE = YES_ERROR;
				CLANG_WARN_DOCUMENTATION_COMMENTS = YES;
				CLANG_WARN_EMPTY_BODY = YES;
				CLANG_WARN_ENUM_CONVERSION = YES;
				CLANG_WARN_INFINITE_RECURSION = YES;
				CLANG_WARN_INT_CONVERSION = YES;
				CLANG_WARN_NON_LITERAL_NULL_CONVERSION = YES;
				CLANG_WARN_OBJC_IMPLICIT_RETAIN_SELF = YES;
				CLANG_WARN_OBJC_LITERAL_CONVERSION = YES;
				CLANG_WARN_OBJC_ROOT_CLASS = YES_ERROR;
				CLANG_WARN_QUOTED_INCLUDE_IN_FRAMEWORK_HEADER = YES;
				CLANG_WARN_RANGE_LOOP_ANALYSIS = YES;
				CLANG_WARN_STRICT_PROTOTYPES = YES;
				CLANG_WARN_SUSPICIOUS_MOVE = YES;
				CLANG_WARN_UNGUARDED_AVAILABILITY = YES_AGGRESSIVE;
				CLANG_WARN_UNREACHABLE_CODE = YES;
				CLANG_WARN__DUPLICATE_METHOD_MATCH = YES;
				COPY_PHASE_STRIP = NO;
				DEBUG_INFORMATION_FORMAT = dwarf;
				ENABLE_STRICT_OBJC_MSGSEND = YES;
				ENABLE_TESTABILITY = YES;
				GCC_C_LANGUAGE_STANDARD = gnu11;
				GCC_DYNAMIC_NO_PIC = NO;
				GCC_NO_COMMON_BLOCKS = YES;
				GCC_OPTIMIZATION_LEVEL = 0;
				GCC_PREPROCESSOR_DEFINITIONS = (
					"DEBUG=1",
					"$(inherited)",
				);
				GCC_WARN_64_TO_32_BIT_CONVERSION = YES;
				GCC_WARN_ABOUT_RETURN_TYPE = YES_ERROR;
				GCC_WARN_UNDECLARED_SELECTOR = YES;
				GCC_WARN_UNINITIALIZED_AUTOS = YES_AGGRESSIVE;
				GCC_WARN_UNUSED_FUNCTION = YES;
				GCC_WARN_UNUSED_VARIABLE = YES;
				IPHONEOS_DEPLOYMENT_TARGET = 16.4;
				MTL_ENABLE_DEBUG_INFO = INCLUDE_SOURCE;
				MTL_FAST_MATH = YES;
				ONLY_ACTIVE_ARCH = YES;
				SDKROOT = iphoneos;
				SWIFT_ACTIVE_COMPILATION_CONDITIONS = DEBUG;
				SWIFT_OPTIMIZATION_LEVEL = "-Onone";
			};
			name = Debug;
		};
		838694E32B0500280061D7DF /* Release */ = {
			isa = XCBuildConfiguration;
			buildSettings = {
				ALWAYS_SEARCH_USER_PATHS = NO;
				CLANG_ANALYZER_NONNULL = YES;
				CLANG_ANALYZER_NUMBER_OBJECT_CONVERSION = YES_AGGRESSIVE;
				CLANG_CXX_LANGUAGE_STANDARD = "gnu++20";
				CLANG_ENABLE_MODULES = YES;
				CLANG_ENABLE_OBJC_ARC = YES;
				CLANG_ENABLE_OBJC_WEAK = YES;
				CLANG_WARN_BLOCK_CAPTURE_AUTORELEASING = YES;
				CLANG_WARN_BOOL_CONVERSION = YES;
				CLANG_WARN_COMMA = YES;
				CLANG_WARN_CONSTANT_CONVERSION = YES;
				CLANG_WARN_DEPRECATED_OBJC_IMPLEMENTATIONS = YES;
				CLANG_WARN_DIRECT_OBJC_ISA_USAGE = YES_ERROR;
				CLANG_WARN_DOCUMENTATION_COMMENTS = YES;
				CLANG_WARN_EMPTY_BODY = YES;
				CLANG_WARN_ENUM_CONVERSION = YES;
				CLANG_WARN_INFINITE_RECURSION = YES;
				CLANG_WARN_INT_CONVERSION = YES;
				CLANG_WARN_NON_LITERAL_NULL_CONVERSION = YES;
				CLANG_WARN_OBJC_IMPLICIT_RETAIN_SELF = YES;
				CLANG_WARN_OBJC_LITERAL_CONVERSION = YES;
				CLANG_WARN_OBJC_ROOT_CLASS = YES_ERROR;
				CLANG_WARN_QUOTED_INCLUDE_IN_FRAMEWORK_HEADER = YES;
				CLANG_WARN_RANGE_LOOP_ANALYSIS = YES;
				CLANG_WARN_STRICT_PROTOTYPES = YES;
				CLANG_WARN_SUSPICIOUS_MOVE = YES;
				CLANG_WARN_UNGUARDED_AVAILABILITY = YES_AGGRESSIVE;
				CLANG_WARN_UNREACHABLE_CODE = YES;
				CLANG_WARN__DUPLICATE_METHOD_MATCH = YES;
				COPY_PHASE_STRIP = NO;
				DEBUG_INFORMATION_FORMAT = "dwarf-with-dsym";
				ENABLE_NS_ASSERTIONS = NO;
				ENABLE_STRICT_OBJC_MSGSEND = YES;
				GCC_C_LANGUAGE_STANDARD = gnu11;
				GCC_NO_COMMON_BLOCKS = YES;
				GCC_WARN_64_TO_32_BIT_CONVERSION = YES;
				GCC_WARN_ABOUT_RETURN_TYPE = YES_ERROR;
				GCC_WARN_UNDECLARED_SELECTOR = YES;
				GCC_WARN_UNINITIALIZED_AUTOS = YES_AGGRESSIVE;
				GCC_WARN_UNUSED_FUNCTION = YES;
				GCC_WARN_UNUSED_VARIABLE = YES;
				IPHONEOS_DEPLOYMENT_TARGET = 16.4;
				MTL_ENABLE_DEBUG_INFO = NO;
				MTL_FAST_MATH = YES;
				SDKROOT = iphoneos;
				SWIFT_COMPILATION_MODE = wholemodule;
				SWIFT_OPTIMIZATION_LEVEL = "-O";
				VALIDATE_PRODUCT = YES;
			};
			name = Release;
		};
		838694E52B0500280061D7DF /* Debug */ = {
			isa = XCBuildConfiguration;
			buildSettings = {
				ASSETCATALOG_COMPILER_APPICON_NAME = AppIcon;
				ASSETCATALOG_COMPILER_GLOBAL_ACCENT_COLOR_NAME = AccentColor;
				CODE_SIGN_STYLE = Automatic;
				CURRENT_PROJECT_VERSION = 1;
				DEVELOPMENT_ASSET_PATHS = "\"Slot Machine/Preview Content\"";
				DEVELOPMENT_TEAM = 5K5U64U7T6;
				ENABLE_PREVIEWS = YES;
				GENERATE_INFOPLIST_FILE = YES;
				INFOPLIST_FILE = "Slot-Machine-Info.plist";
				INFOPLIST_KEY_UIApplicationSceneManifest_Generation = YES;
				INFOPLIST_KEY_UIApplicationSupportsIndirectInputEvents = YES;
				INFOPLIST_KEY_UILaunchStoryboardName = LaunchScreen.storyboard;
				INFOPLIST_KEY_UISupportedInterfaceOrientations = UIInterfaceOrientationPortrait;
				LD_RUNPATH_SEARCH_PATHS = (
					"$(inherited)",
					"@executable_path/Frameworks",
				);
				MARKETING_VERSION = 1.0;
				PRODUCT_BUNDLE_IDENTIFIER = "com.afacar.Slot-Machine";
				PRODUCT_NAME = "$(TARGET_NAME)";
				SWIFT_EMIT_LOC_STRINGS = YES;
				SWIFT_VERSION = 5.0;
				TARGETED_DEVICE_FAMILY = "1,2";
			};
			name = Debug;
		};
		838694E62B0500280061D7DF /* Release */ = {
			isa = XCBuildConfiguration;
			buildSettings = {
				ASSETCATALOG_COMPILER_APPICON_NAME = AppIcon;
				ASSETCATALOG_COMPILER_GLOBAL_ACCENT_COLOR_NAME = AccentColor;
				CODE_SIGN_STYLE = Automatic;
				CURRENT_PROJECT_VERSION = 1;
				DEVELOPMENT_ASSET_PATHS = "\"Slot Machine/Preview Content\"";
				DEVELOPMENT_TEAM = 5K5U64U7T6;
				ENABLE_PREVIEWS = YES;
				GENERATE_INFOPLIST_FILE = YES;
				INFOPLIST_FILE = "Slot-Machine-Info.plist";
				INFOPLIST_KEY_UIApplicationSceneManifest_Generation = YES;
				INFOPLIST_KEY_UIApplicationSupportsIndirectInputEvents = YES;
				INFOPLIST_KEY_UILaunchStoryboardName = LaunchScreen.storyboard;
				INFOPLIST_KEY_UISupportedInterfaceOrientations = UIInterfaceOrientationPortrait;
				LD_RUNPATH_SEARCH_PATHS = (
					"$(inherited)",
					"@executable_path/Frameworks",
				);
				MARKETING_VERSION = 1.0;
				PRODUCT_BUNDLE_IDENTIFIER = "com.afacar.Slot-Machine";
				PRODUCT_NAME = "$(TARGET_NAME)";
				SWIFT_EMIT_LOC_STRINGS = YES;
				SWIFT_VERSION = 5.0;
				TARGETED_DEVICE_FAMILY = "1,2";
			};
			name = Release;
		};
		838694E82B0500280061D7DF /* Debug */ = {
			isa = XCBuildConfiguration;
			buildSettings = {
				ALWAYS_EMBED_SWIFT_STANDARD_LIBRARIES = YES;
				BUNDLE_LOADER = "$(TEST_HOST)";
				CODE_SIGN_STYLE = Automatic;
				CURRENT_PROJECT_VERSION = 1;
				DEVELOPMENT_TEAM = 5K5U64U7T6;
				GENERATE_INFOPLIST_FILE = YES;
				IPHONEOS_DEPLOYMENT_TARGET = 16.4;
				MARKETING_VERSION = 1.0;
				PRODUCT_BUNDLE_IDENTIFIER = "com.afacar.Slot-MachineTests";
				PRODUCT_NAME = "$(TARGET_NAME)";
				SWIFT_EMIT_LOC_STRINGS = NO;
				SWIFT_VERSION = 5.0;
				TARGETED_DEVICE_FAMILY = "1,2";
				TEST_HOST = "$(BUILT_PRODUCTS_DIR)/Slot Machine.app/$(BUNDLE_EXECUTABLE_FOLDER_PATH)/Slot Machine";
			};
			name = Debug;
		};
		838694E92B0500280061D7DF /* Release */ = {
			isa = XCBuildConfiguration;
			buildSettings = {
				ALWAYS_EMBED_SWIFT_STANDARD_LIBRARIES = YES;
				BUNDLE_LOADER = "$(TEST_HOST)";
				CODE_SIGN_STYLE = Automatic;
				CURRENT_PROJECT_VERSION = 1;
				DEVELOPMENT_TEAM = 5K5U64U7T6;
				GENERATE_INFOPLIST_FILE = YES;
				IPHONEOS_DEPLOYMENT_TARGET = 16.4;
				MARKETING_VERSION = 1.0;
				PRODUCT_BUNDLE_IDENTIFIER = "com.afacar.Slot-MachineTests";
				PRODUCT_NAME = "$(TARGET_NAME)";
				SWIFT_EMIT_LOC_STRINGS = NO;
				SWIFT_VERSION = 5.0;
				TARGETED_DEVICE_FAMILY = "1,2";
				TEST_HOST = "$(BUILT_PRODUCTS_DIR)/Slot Machine.app/$(BUNDLE_EXECUTABLE_FOLDER_PATH)/Slot Machine";
			};
			name = Release;
		};
		838694EB2B0500280061D7DF /* Debug */ = {
			isa = XCBuildConfiguration;
			buildSettings = {
				ALWAYS_EMBED_SWIFT_STANDARD_LIBRARIES = YES;
				CODE_SIGN_STYLE = Automatic;
				CURRENT_PROJECT_VERSION = 1;
				DEVELOPMENT_TEAM = 5K5U64U7T6;
				GENERATE_INFOPLIST_FILE = YES;
				MARKETING_VERSION = 1.0;
				PRODUCT_BUNDLE_IDENTIFIER = "com.afacar.Slot-MachineUITests";
				PRODUCT_NAME = "$(TARGET_NAME)";
				SWIFT_EMIT_LOC_STRINGS = NO;
				SWIFT_VERSION = 5.0;
				TARGETED_DEVICE_FAMILY = "1,2";
				TEST_TARGET_NAME = "Slot Machine";
			};
			name = Debug;
		};
		838694EC2B0500280061D7DF /* Release */ = {
			isa = XCBuildConfiguration;
			buildSettings = {
				ALWAYS_EMBED_SWIFT_STANDARD_LIBRARIES = YES;
				CODE_SIGN_STYLE = Automatic;
				CURRENT_PROJECT_VERSION = 1;
				DEVELOPMENT_TEAM = 5K5U64U7T6;
				GENERATE_INFOPLIST_FILE = YES;
				MARKETING_VERSION = 1.0;
				PRODUCT_BUNDLE_IDENTIFIER = "com.afacar.Slot-MachineUITests";
				PRODUCT_NAME = "$(TARGET_NAME)";
				SWIFT_EMIT_LOC_STRINGS = NO;
				SWIFT_VERSION = 5.0;
				TARGETED_DEVICE_FAMILY = "1,2";
				TEST_TARGET_NAME = "Slot Machine";
			};
			name = Release;
		};
/* End XCBuildConfiguration section */

/* Begin XCConfigurationList section */
		838694B62B0500260061D7DF /* Build configuration list for PBXProject "Slot Machine" */ = {
			isa = XCConfigurationList;
			buildConfigurations = (
				838694E22B0500280061D7DF /* Debug */,
				838694E32B0500280061D7DF /* Release */,
			);
			defaultConfigurationIsVisible = 0;
			defaultConfigurationName = Release;
		};
		838694E42B0500280061D7DF /* Build configuration list for PBXNativeTarget "Slot Machine" */ = {
			isa = XCConfigurationList;
			buildConfigurations = (
				838694E52B0500280061D7DF /* Debug */,
				838694E62B0500280061D7DF /* Release */,
			);
			defaultConfigurationIsVisible = 0;
			defaultConfigurationName = Release;
		};
		838694E72B0500280061D7DF /* Build configuration list for PBXNativeTarget "Slot MachineTests" */ = {
			isa = XCConfigurationList;
			buildConfigurations = (
				838694E82B0500280061D7DF /* Debug */,
				838694E92B0500280061D7DF /* Release */,
			);
			defaultConfigurationIsVisible = 0;
			defaultConfigurationName = Release;
		};
		838694EA2B0500280061D7DF /* Build configuration list for PBXNativeTarget "Slot MachineUITests" */ = {
			isa = XCConfigurationList;
			buildConfigurations = (
				838694EB2B0500280061D7DF /* Debug */,
				838694EC2B0500280061D7DF /* Release */,
			);
			defaultConfigurationIsVisible = 0;
			defaultConfigurationName = Release;
		};
/* End XCConfigurationList section */

/* Begin XCVersionGroup section */
		838694C92B0500280061D7DF /* Slot_Machine.xcdatamodeld */ = {
			isa = XCVersionGroup;
			children = (
				838694CA2B0500280061D7DF /* Slot_Machine.xcdatamodel */,
			);
			currentVersion = 838694CA2B0500280061D7DF /* Slot_Machine.xcdatamodel */;
			path = Slot_Machine.xcdatamodeld;
			sourceTree = "<group>";
			versionGroupType = wrapper.xcdatamodel;
		};
/* End XCVersionGroup section */
	};
	rootObject = 838694B32B0500260061D7DF /* Project object */;
}
